{
  "name": "rave-pocketbase-migrations",
  "version": "1.0.0",
  "lockfileVersion": 3,
  "requires": true,
  "packages": {
    "": {
      "name": "rave-pocketbase-migrations",
      "version": "1.0.0",
      "dependencies": {
        "dotenv": "^16.3.1",
        "pocketbase": "^0.20.0"
      }
    },
    "node_modules/dotenv": {
      "version": "16.6.1",
      "resolved": "https://registry.npmjs.org/dotenv/-/dotenv-16.6.1.tgz",
      "integrity": "sha512-uBq4egWHTcTt33a72vpSG0z3HnPuIl6NqYcTrKEg2azoEyl2hpW0zqlxysq2pK9HlDIHyHyakeYaYnSAwd8bow==",
      "license": "BSD-2-Clause",
      "engines": {
        "node": ">=12"
      },
      "funding": {
        "url": "https://dotenvx.com"
      }
    },
    "node_modules/pocketbase": {
      "version": "0.20.3",
      "resolved": "https://registry.npmjs.org/pocketbase/-/pocketbase-0.20.3.tgz",
      "integrity": "sha512-qembHhE7HumDBZpxWgFIbhJPeaCoUIdwhW59xF/VlMR79pDTYz/LaQ4q89y7GczKo4X9actFgFN8hs4dTl0spQ==",
      "license": "MIT"
    }
  }
}
